
Microsoft Visual Studio Solution File, Format Version 12.00
# Visual Studio Version 17
VisualStudioVersion = 17.9.34728.123
MinimumVisualStudioVersion = 10.0.40219.1
Project("{FAE04EC0-301F-11D3-BF4B-00C04F79EFBC}") = "IKEA.PL", "IKEA.PL\IKEA.PL.csproj", "{A42B3414-C559-4744-9810-03E7AD3F80C7}"
EndProject
Project("{FAE04EC0-301F-11D3-BF4B-00C04F79EFBC}") = "IKEA.BLL", "IKEA.BLL\IKEA.BLL.csproj", "{193EBD4D-CF9E-4108-9CF4-1110419FD65C}"
EndProject
Project("{FAE04EC0-301F-11D3-BF4B-00C04F79EFBC}") = "IKEA.DAL", "IKEA.DAL\IKEA.DAL.csproj", "{F75305CE-2B3C-4BEC-8EF7-CEA400CC6E21}"
EndProject
Global
	GlobalSection(SolutionConfigurationPlatforms) = preSolution
		Debug|Any CPU = Debug|Any CPU
		Release|Any CPU = Release|Any CPU
	EndGlobalSection
	GlobalSection(ProjectConfigurationPlatforms) = postSolution
		{A42B3414-C559-4744-9810-03E7AD3F80C7}.Debug|Any CPU.ActiveCfg = Debug|Any CPU
		{A42B3414-C559-4744-9810-03E7AD3F80C7}.Debug|Any CPU.Build.0 = Debug|Any CPU
		{A42B3414-C559-4744-9810-03E7AD3F80C7}.Release|Any CPU.ActiveCfg = Release|Any CPU
		{A42B3414-C559-4744-9810-03E7AD3F80C7}.Release|Any CPU.Build.0 = Release|Any CPU
		{193EBD4D-CF9E-4108-9CF4-1110419FD65C}.Debug|Any CPU.ActiveCfg = Debug|Any CPU
		{193EBD4D-CF9E-4108-9CF4-1110419FD65C}.Debug|Any CPU.Build.0 = Debug|Any CPU
		{193EBD4D-CF9E-4108-9CF4-1110419FD65C}.Release|Any CPU.ActiveCfg = Release|Any CPU
		{193EBD4D-CF9E-4108-9CF4-1110419FD65C}.Release|Any CPU.Build.0 = Release|Any CPU
		{F75305CE-2B3C-4BEC-8EF7-CEA400CC6E21}.Debug|Any CPU.ActiveCfg = Debug|Any CPU
		{F75305CE-2B3C-4BEC-8EF7-CEA400CC6E21}.Debug|Any CPU.Build.0 = Debug|Any CPU
		{F75305CE-2B3C-4BEC-8EF7-CEA400CC6E21}.Release|Any CPU.ActiveCfg = Release|Any CPU
		{F75305CE-2B3C-4BEC-8EF7-CEA400CC6E21}.Release|Any CPU.Build.0 = Release|Any CPU
	EndGlobalSection
	GlobalSection(SolutionProperties) = preSolution
		HideSolutionNode = FALSE
	EndGlobalSection
	GlobalSection(ExtensibilityGlobals) = postSolution
		SolutionGuid = {6BE85049-A81D-4D82-ABB5-1A63224158D8}
	EndGlobalSection
EndGlobal
